// !$*UTF8*$!
{
	archiveVersion = 1;
	classes = {
	};
	objectVersion = 54;
	objects = {

/* Begin PBXBuildFile section */
		0AB5199775D0A1B9FE277CD1 /* Localizable.strings in Resources */ = {isa = PBXBuildFile; fileRef = 5A13BE76D0B713CA3E45227E /* Localizable.strings */; };
		15C0E151C5761F7F949B67F5 /* NotificationManager.swift in Sources */ = {isa = PBXBuildFile; fileRef = B01861B443DE9CFACD9D3C36 /* NotificationManager.swift */; };
		1A712442476B165C02EE30CD /* Theme.swift in Sources */ = {isa = PBXBuildFile; fileRef = D7BD66D6255277A0BEC447BC /* Theme.swift */; };
		32B475B3E5D80B4A933B1BCE /* OnboardingView.swift in Sources */ = {isa = PBXBuildFile; fileRef = D3F637AB9C77DA9B59193407 /* OnboardingView.swift */; };
		3E28A9EB36EED45D40A8E603 /* ColorConverter.swift in Sources */ = {isa = PBXBuildFile; fileRef = 04E87EB423D8CE25A550EF16 /* ColorConverter.swift */; };
		443BB0B09C02281E8627E0EE /* SwatchColor.swift in Sources */ = {isa = PBXBuildFile; fileRef = DC44DAED152F92920C1DA533 /* SwatchColor.swift */; };
		4A19BAE1C5EED266FA364C38 /* Localizable.strings in Resources */ = {isa = PBXBuildFile; fileRef = ABB26086E752E3CC9F80FD8D /* Localizable.strings */; };
		4D170C3328D024E220670FA0 /* Localizable.strings in Resources */ = {isa = PBXBuildFile; fileRef = F2195738DDB825B6D79FA26D /* Localizable.strings */; };
		5A90164E80BDAAA3258CFED9 /* ContentView.swift in Sources */ = {isa = PBXBuildFile; fileRef = 1C1CB8C6F1D94B9D07632FD6 /* ContentView.swift */; };
		5DF85398FA1D7AA07796087D /* ShortcutsManager.swift in Sources */ = {isa = PBXBuildFile; fileRef = FB167005CDA450D1BEA0BD60 /* ShortcutsManager.swift */; };
		67FA82DB66187D3CF379E482 /* iCloudSyncManager.swift in Sources */ = {isa = PBXBuildFile; fileRef = D9E9FF197C18071EDB732CC0 /* iCloudSyncManager.swift */; };
		6C47056D36879BCD420512D5 /* AccessibilityExtensions.swift in Sources */ = {isa = PBXBuildFile; fileRef = 415FC66FCA7F0AA3F1A57FB0 /* AccessibilityExtensions.swift */; };
		6DA6F31B69A00C47AB8B8129 /* main.swift in Sources */ = {isa = PBXBuildFile; fileRef = 2536871C81C2A5E4672A5D75 /* main.swift */; };
		889D1E77BEF729D656866718 /* EyedropperService.swift in Sources */ = {isa = PBXBuildFile; fileRef = D58D52EC02459AFB144BE2C0 /* EyedropperService.swift */; };
		9926B02F313E407C8322DDD5 /* SwatchWidgets.appex in Embed Foundation Extensions */ = {isa = PBXBuildFile; fileRef = BB5CE0FDF302C3E00DA18ADF /* SwatchWidgets.appex */; settings = {ATTRIBUTES = (RemoveHeadersOnCopy, ); }; };
		B135FD357391A58C22B5C86F /* Localizable.strings in Resources */ = {isa = PBXBuildFile; fileRef = CC4034B8DC98CAFABA333724 /* Localizable.strings */; };
		B78B7B59A76D1BC63EAF99DB /* SwatchWidgets.swift in Sources */ = {isa = PBXBuildFile; fileRef = 00EA5A97C4B0D0ADE2EE35BC /* SwatchWidgets.swift */; };
		C1C7DB143DCD6E6731CE63CA /* ColorPalette.swift in Sources */ = {isa = PBXBuildFile; fileRef = D96A9DB361F5D8B0F207A893 /* ColorPalette.swift */; };
		C8E99647D076CBB75F68AA2E /* Localizable.strings in Resources */ = {isa = PBXBuildFile; fileRef = FC3291FAA33C1AB9044F8643 /* Localizable.strings */; };
		CE66E695FA2E4838D2B724DC /* ColorBlindnessSimulator.swift in Sources */ = {isa = PBXBuildFile; fileRef = 4BD2FD52B044B34A9689A6FA /* ColorBlindnessSimulator.swift */; };
		D596DB3F86D32362724756C3 /* AppDelegate.swift in Sources */ = {isa = PBXBuildFile; fileRef = C4603643DDA999DD4B87FDB2 /* AppDelegate.swift */; };
		E94BA92A236E1C4DA12FA971 /* ColorStore.swift in Sources */ = {isa = PBXBuildFile; fileRef = D34C16D69B84B1D9459C7CF1 /* ColorStore.swift */; };
		F13560E8A216A18CDC59389D /* Assets.xcassets in Resources */ = {isa = PBXBuildFile; fileRef = 422FDA3C67299CF50EB32D22 /* Assets.xcassets */; };
/* End PBXBuildFile section */

/* Begin PBXContainerItemProxy section */
		F8EC8B744CB3ADCC50A970C3 /* PBXContainerItemProxy */ = {
			isa = PBXContainerItemProxy;
			containerPortal = 7C8B6D53B5089BB0114EDF84 /* Project object */;
			proxyType = 1;
			remoteGlobalIDString = 0B5171046B2F417FBA6025E7;
			remoteInfo = SwatchWidgets;
		};
/* End PBXContainerItemProxy section */

/* Begin PBXCopyFilesBuildPhase section */
		DCFC8862FEB34EAA64EE81BE /* Embed Foundation Extensions */ = {
			isa = PBXCopyFilesBuildPhase;
			buildActionMask = 2147483647;
			dstPath = "";
			dstSubfolderSpec = 13;
			files = (
				9926B02F313E407C8322DDD5 /* SwatchWidgets.appex in Embed Foundation Extensions */,
			);
			name = "Embed Foundation Extensions";
			runOnlyForDeploymentPostprocessing = 0;
		};
/* End PBXCopyFilesBuildPhase section */

/* Begin PBXFileReference section */
		00EA5A97C4B0D0ADE2EE35BC /* SwatchWidgets.swift */ = {isa = PBXFileReference; lastKnownFileType = sourcecode.swift; path = SwatchWidgets.swift; sourceTree = "<group>"; };
		04E87EB423D8CE25A550EF16 /* ColorConverter.swift */ = {isa = PBXFileReference; lastKnownFileType = sourcecode.swift; path = ColorConverter.swift; sourceTree = "<group>"; };
		1C1CB8C6F1D94B9D07632FD6 /* ContentView.swift */ = {isa = PBXFileReference; lastKnownFileType = sourcecode.swift; path = ContentView.swift; sourceTree = "<group>"; };
		24CB2E2C02132D5EF190FD4E /* Info.plist */ = {isa = PBXFileReference; lastKnownFileType = text.plist; path = Info.plist; sourceTree = "<group>"; };
		2536871C81C2A5E4672A5D75 /* main.swift */ = {isa = PBXFileReference; lastKnownFileType = sourcecode.swift; path = main.swift; sourceTree = "<group>"; };
		415FC66FCA7F0AA3F1A57FB0 /* AccessibilityExtensions.swift */ = {isa = PBXFileReference; lastKnownFileType = sourcecode.swift; path = AccessibilityExtensions.swift; sourceTree = "<group>"; };
		422FDA3C67299CF50EB32D22 /* Assets.xcassets */ = {isa = PBXFileReference; lastKnownFileType = folder.assetcatalog; path = Assets.xcassets; sourceTree = "<group>"; };
		4B0FAD5A1C30E4FD7A55134F /* SwatchWidgets.entitlements */ = {isa = PBXFileReference; lastKnownFileType = text.plist.entitlements; path = SwatchWidgets.entitlements; sourceTree = "<group>"; };
		4BD2FD52B044B34A9689A6FA /* ColorBlindnessSimulator.swift */ = {isa = PBXFileReference; lastKnownFileType = sourcecode.swift; path = ColorBlindnessSimulator.swift; sourceTree = "<group>"; };
		5A13BE76D0B713CA3E45227E /* Localizable.strings */ = {isa = PBXFileReference; lastKnownFileType = text.plist.strings; name = Localizable.strings; path = de.lproj/Localizable.strings; sourceTree = "<group>"; };
		767C1A3AF5559A62ECBDDD58 /* Swatch.app */ = {isa = PBXFileReference; explicitFileType = wrapper.application; includeInIndex = 0; path = Swatch.app; sourceTree = BUILT_PRODUCTS_DIR; };
		881B30D6D5496B109F4B5EFF /* Info.plist */ = {isa = PBXFileReference; lastKnownFileType = text.plist; path = Info.plist; sourceTree = "<group>"; };
		ABB26086E752E3CC9F80FD8D /* Localizable.strings */ = {isa = PBXFileReference; lastKnownFileType = text.plist.strings; name = Localizable.strings; path = es.lproj/Localizable.strings; sourceTree = "<group>"; };
		B01861B443DE9CFACD9D3C36 /* NotificationManager.swift */ = {isa = PBXFileReference; lastKnownFileType = sourcecode.swift; path = NotificationManager.swift; sourceTree = "<group>"; };
		BB5CE0FDF302C3E00DA18ADF /* SwatchWidgets.appex */ = {isa = PBXFileReference; explicitFileType = "wrapper.app-extension"; includeInIndex = 0; path = SwatchWidgets.appex; sourceTree = BUILT_PRODUCTS_DIR; };
		C4603643DDA999DD4B87FDB2 /* AppDelegate.swift */ = {isa = PBXFileReference; lastKnownFileType = sourcecode.swift; path = AppDelegate.swift; sourceTree = "<group>"; };
		CC4034B8DC98CAFABA333724 /* Localizable.strings */ = {isa = PBXFileReference; lastKnownFileType = text.plist.strings; name = Localizable.strings; path = ja.lproj/Localizable.strings; sourceTree = "<group>"; };
		D34C16D69B84B1D9459C7CF1 /* ColorStore.swift */ = {isa = PBXFileReference; lastKnownFileType = sourcecode.swift; path = ColorStore.swift; sourceTree = "<group>"; };
		D3F637AB9C77DA9B59193407 /* OnboardingView.swift */ = {isa = PBXFileReference; lastKnownFileType = sourcecode.swift; path = OnboardingView.swift; sourceTree = "<group>"; };
		D58D52EC02459AFB144BE2C0 /* EyedropperService.swift */ = {isa = PBXFileReference; lastKnownFileType = sourcecode.swift; path = EyedropperService.swift; sourceTree = "<group>"; };
		D7BD66D6255277A0BEC447BC /* Theme.swift */ = {isa = PBXFileReference; lastKnownFileType = sourcecode.swift; path = Theme.swift; sourceTree = "<group>"; };
		D96A9DB361F5D8B0F207A893 /* ColorPalette.swift */ = {isa = PBXFileReference; lastKnownFileType = sourcecode.swift; path = ColorPalette.swift; sourceTree = "<group>"; };
		D9E9FF197C18071EDB732CC0 /* iCloudSyncManager.swift */ = {isa = PBXFileReference; lastKnownFileType = sourcecode.swift; path = iCloudSyncManager.swift; sourceTree = "<group>"; };
		DC44DAED152F92920C1DA533 /* SwatchColor.swift */ = {isa = PBXFileReference; lastKnownFileType = sourcecode.swift; path = SwatchColor.swift; sourceTree = "<group>"; };
		F2195738DDB825B6D79FA26D /* Localizable.strings */ = {isa = PBXFileReference; lastKnownFileType = text.plist.strings; name = Localizable.strings; path = "zh-Hans.lproj/Localizable.strings"; sourceTree = "<group>"; };
		FB167005CDA450D1BEA0BD60 /* ShortcutsManager.swift */ = {isa = PBXFileReference; lastKnownFileType = sourcecode.swift; path = ShortcutsManager.swift; sourceTree = "<group>"; };
		FC3291FAA33C1AB9044F8643 /* Localizable.strings */ = {isa = PBXFileReference; lastKnownFileType = text.plist.strings; name = Localizable.strings; path = fr.lproj/Localizable.strings; sourceTree = "<group>"; };
/* End PBXFileReference section */

/* Begin PBXGroup section */
		2C128340182215102577DEB0 /* Services */ = {
			isa = PBXGroup;
			children = (
				4BD2FD52B044B34A9689A6FA /* ColorBlindnessSimulator.swift */,
				D9E9FF197C18071EDB732CC0 /* iCloudSyncManager.swift */,
				B01861B443DE9CFACD9D3C36 /* NotificationManager.swift */,
				FB167005CDA450D1BEA0BD60 /* ShortcutsManager.swift */,
			);
			path = Services;
			sourceTree = "<group>";
		};
		8DBC15B79C8CF91745CDD852 /* SwatchWidgets */ = {
			isa = PBXGroup;
			children = (
				24CB2E2C02132D5EF190FD4E /* Info.plist */,
				4B0FAD5A1C30E4FD7A55134F /* SwatchWidgets.entitlements */,
				00EA5A97C4B0D0ADE2EE35BC /* SwatchWidgets.swift */,
			);
			path = SwatchWidgets;
			sourceTree = "<group>";
		};
		B528C848D570169E4A758C01 = {
			isa = PBXGroup;
			children = (
				DA521033FAD70FF52115B657 /* Swatch */,
				8DBC15B79C8CF91745CDD852 /* SwatchWidgets */,
				ECF27698CB47238A8D0C2463 /* Products */,
			);
			sourceTree = "<group>";
		};
		DA521033FAD70FF52115B657 /* Swatch */ = {
			isa = PBXGroup;
			children = (
				415FC66FCA7F0AA3F1A57FB0 /* AccessibilityExtensions.swift */,
				C4603643DDA999DD4B87FDB2 /* AppDelegate.swift */,
				422FDA3C67299CF50EB32D22 /* Assets.xcassets */,
				04E87EB423D8CE25A550EF16 /* ColorConverter.swift */,
				D96A9DB361F5D8B0F207A893 /* ColorPalette.swift */,
				D34C16D69B84B1D9459C7CF1 /* ColorStore.swift */,
				1C1CB8C6F1D94B9D07632FD6 /* ContentView.swift */,
				D58D52EC02459AFB144BE2C0 /* EyedropperService.swift */,
				881B30D6D5496B109F4B5EFF /* Info.plist */,
				5A13BE76D0B713CA3E45227E /* Localizable.strings */,
				ABB26086E752E3CC9F80FD8D /* Localizable.strings */,
				FC3291FAA33C1AB9044F8643 /* Localizable.strings */,
				CC4034B8DC98CAFABA333724 /* Localizable.strings */,
				F2195738DDB825B6D79FA26D /* Localizable.strings */,
				2536871C81C2A5E4672A5D75 /* main.swift */,
				D3F637AB9C77DA9B59193407 /* OnboardingView.swift */,
				DC44DAED152F92920C1DA533 /* SwatchColor.swift */,
				D7BD66D6255277A0BEC447BC /* Theme.swift */,
				2C128340182215102577DEB0 /* Services */,
			);
			path = Swatch;
			sourceTree = "<group>";
		};
		ECF27698CB47238A8D0C2463 /* Products */ = {
			isa = PBXGroup;
			children = (
				767C1A3AF5559A62ECBDDD58 /* Swatch.app */,
				BB5CE0FDF302C3E00DA18ADF /* SwatchWidgets.appex */,
			);
			name = Products;
			sourceTree = "<group>";
		};
/* End PBXGroup section */

/* Begin PBXNativeTarget section */
		0B5171046B2F417FBA6025E7 /* SwatchWidgets */ = {
			isa = PBXNativeTarget;
			buildConfigurationList = 2E0B57AF988AA3B41B5DF7E4 /* Build configuration list for PBXNativeTarget "SwatchWidgets" */;
			buildPhases = (
				CF1327210E9CC978BC22601A /* Sources */,
			);
			buildRules = (
			);
			dependencies = (
			);
			name = SwatchWidgets;
			productName = SwatchWidgets;
			productReference = BB5CE0FDF302C3E00DA18ADF /* SwatchWidgets.appex */;
			productType = "com.apple.product-type.app-extension";
		};
		6CEB66D79CE396763178A892 /* Swatch */ = {
			isa = PBXNativeTarget;
			buildConfigurationList = 699A8C760AC331D725A9D3ED /* Build configuration list for PBXNativeTarget "Swatch" */;
			buildPhases = (
				0DFDC182941ED20C7BA4C635 /* Sources */,
				0F01D5032DCF161ECA3E7D0D /* Resources */,
				DCFC8862FEB34EAA64EE81BE /* Embed Foundation Extensions */,
			);
			buildRules = (
			);
			dependencies = (
				BDE6F199891FB96D0FF8B899 /* PBXTargetDependency */,
			);
			name = Swatch;
			productName = Swatch;
			productReference = 767C1A3AF5559A62ECBDDD58 /* Swatch.app */;
			productType = "com.apple.product-type.application";
		};
/* End PBXNativeTarget section */

/* Begin PBXProject section */
		7C8B6D53B5089BB0114EDF84 /* Project object */ = {
			isa = PBXProject;
			attributes = {
				BuildIndependentTargetsInParallel = YES;
				LastUpgradeCheck = 1500;
				TargetAttributes = {
					0B5171046B2F417FBA6025E7 = {
						DevelopmentTeam = "";
						ProvisioningStyle = Manual;
					};
					6CEB66D79CE396763178A892 = {
						DevelopmentTeam = "";
						ProvisioningStyle = Manual;
					};
				};
			};
			buildConfigurationList = EF45D071B5985A30BC40D963 /* Build configuration list for PBXProject "Swatch" */;
			compatibilityVersion = "Xcode 14.0";
			developmentRegion = en;
			hasScannedForEncodings = 0;
			knownRegions = (
				Base,
				de,
				en,
				es,
				fr,
				ja,
				"zh-Hans",
			);
			mainGroup = B528C848D570169E4A758C01;
			projectDirPath = "";
			projectRoot = "";
			targets = (
				6CEB66D79CE396763178A892 /* Swatch */,
				0B5171046B2F417FBA6025E7 /* SwatchWidgets */,
			);
		};
/* End PBXProject section */

/* Begin PBXResourcesBuildPhase section */
		0F01D5032DCF161ECA3E7D0D /* Resources */ = {
			isa = PBXResourcesBuildPhase;
			buildActionMask = 2147483647;
			files = (
				F13560E8A216A18CDC59389D /* Assets.xcassets in Resources */,
				0AB5199775D0A1B9FE277CD1 /* Localizable.strings in Resources */,
				4D170C3328D024E220670FA0 /* Localizable.strings in Resources */,
				B135FD357391A58C22B5C86F /* Localizable.strings in Resources */,
				4A19BAE1C5EED266FA364C38 /* Localizable.strings in Resources */,
				C8E99647D076CBB75F68AA2E /* Localizable.strings in Resources */,
			);
			runOnlyForDeploymentPostprocessing = 0;
		};
/* End PBXResourcesBuildPhase section */

/* Begin PBXSourcesBuildPhase section */
		0DFDC182941ED20C7BA4C635 /* Sources */ = {
			isa = PBXSourcesBuildPhase;
			buildActionMask = 2147483647;
			files = (
				6C47056D36879BCD420512D5 /* AccessibilityExtensions.swift in Sources */,
				D596DB3F86D32362724756C3 /* AppDelegate.swift in Sources */,
				CE66E695FA2E4838D2B724DC /* ColorBlindnessSimulator.swift in Sources */,
				3E28A9EB36EED45D40A8E603 /* ColorConverter.swift in Sources */,
				C1C7DB143DCD6E6731CE63CA /* ColorPalette.swift in Sources */,
				E94BA92A236E1C4DA12FA971 /* ColorStore.swift in Sources */,
				5A90164E80BDAAA3258CFED9 /* ContentView.swift in Sources */,
				889D1E77BEF729D656866718 /* EyedropperService.swift in Sources */,
				15C0E151C5761F7F949B67F5 /* NotificationManager.swift in Sources */,
				32B475B3E5D80B4A933B1BCE /* OnboardingView.swift in Sources */,
				5DF85398FA1D7AA07796087D /* ShortcutsManager.swift in Sources */,
				443BB0B09C02281E8627E0EE /* SwatchColor.swift in Sources */,
				1A712442476B165C02EE30CD /* Theme.swift in Sources */,
				67FA82DB66187D3CF379E482 /* iCloudSyncManager.swift in Sources */,
				6DA6F31B69A00C47AB8B8129 /* main.swift in Sources */,
			);
			runOnlyForDeploymentPostprocessing = 0;
		};
		CF1327210E9CC978BC22601A /* Sources */ = {
			isa = PBXSourcesBuildPhase;
			buildActionMask = 2147483647;
			files = (
				B78B7B59A76D1BC63EAF99DB /* SwatchWidgets.swift in Sources */,
			);
			runOnlyForDeploymentPostprocessing = 0;
		};
/* End PBXSourcesBuildPhase section */

/* Begin PBXTargetDependency section */
		BDE6F199891FB96D0FF8B899 /* PBXTargetDependency */ = {
			isa = PBXTargetDependency;
			target = 0B5171046B2F417FBA6025E7 /* SwatchWidgets */;
			targetProxy = F8EC8B744CB3ADCC50A970C3 /* PBXContainerItemProxy */;
		};
/* End PBXTargetDependency section */

/* Begin XCBuildConfiguration section */
		1697C709591D5151EFD09DF0 /* Release */ = {
			isa = XCBuildConfiguration;
			buildSettings = {
				ASSETCATALOG_COMPILER_APPICON_NAME = AppIcon;
				CODE_SIGN_ENTITLEMENTS = Swatch/Swatch.entitlements;
				COMBINE_HIDPI_IMAGES = YES;
				INFOPLIST_FILE = Swatch/Info.plist;
				LD_RUNPATH_SEARCH_PATHS = "$(inherited) @executable_path/../Frameworks";
				PRODUCT_BUNDLE_IDENTIFIER = com.swatch.app;
				SDKROOT = macosx;
			};
			name = Release;
		};
		181C164A87F3EB09152D4003 /* Debug */ = {
			isa = XCBuildConfiguration;
			buildSettings = {
				ASSETCATALOG_COMPILER_APPICON_NAME = AppIcon;
				CODE_SIGN_ENTITLEMENTS = Swatch/Swatch.entitlements;
				COMBINE_HIDPI_IMAGES = YES;
				INFOPLIST_FILE = Swatch/Info.plist;
				LD_RUNPATH_SEARCH_PATHS = "$(inherited) @executable_path/../Frameworks";
				PRODUCT_BUNDLE_IDENTIFIER = com.swatch.app;
				SDKROOT = macosx;
			};
			name = Debug;
		};
		33AB3EA039E8A0D498EBE9D5 /* Debug */ = {
			isa = XCBuildConfiguration;
			buildSettings = {
				ALWAYS_SEARCH_USER_PATHS = NO;
				CLANG_ANALYZER_NONNULL = YES;
				CLANG_ANALYZER_NUMBER_OBJECT_CONVERSION = YES_AGGRESSIVE;
				CLANG_CXX_LANGUAGE_STANDARD = "gnu++14";
				CLANG_CXX_LIBRARY = "libc++";
				CLANG_ENABLE_MODULES = YES;
				CLANG_ENABLE_OBJC_ARC = YES;
				CLANG_ENABLE_OBJC_WEAK = YES;
				CLANG_WARN_BLOCK_CAPTURE_AUTORELEASING = YES;
				CLANG_WARN_BOOL_CONVERSION = YES;
				CLANG_WARN_COMMA = YES;
				CLANG_WARN_CONSTANT_CONVERSION = YES;
				CLANG_WARN_DEPRECATED_OBJC_IMPLEMENTATIONS = YES;
				CLANG_WARN_DIRECT_OBJC_ISA_USAGE = YES_ERROR;
				CLANG_WARN_DOCUMENTATION_COMMENTS = YES;
				CLANG_WARN_EMPTY_BODY = YES;
				CLANG_WARN_ENUM_CONVERSION = YES;
				CLANG_WARN_INFINITE_RECURSION = YES;
				CLANG_WARN_INT_CONVERSION = YES;
				CLANG_WARN_NON_LITERAL_NULL_CONVERSION = YES;
				CLANG_WARN_OBJC_IMPLICIT_RETAIN_SELF = YES;
				CLANG_WARN_OBJC_LITERAL_CONVERSION = YES;
				CLANG_WARN_OBJC_ROOT_CLASS = YES_ERROR;
				CLANG_WARN_QUOTED_INCLUDE_IN_FRAMEWORK_HEADER = YES;
				CLANG_WARN_RANGE_LOOP_ANALYSIS = YES;
				CLANG_WARN_STRICT_PROTOTYPES = YES;
				CLANG_WARN_SUSPICIOUS_MOVE = YES;
				CLANG_WARN_UNGUARDED_AVAILABILITY = YES_AGGRESSIVE;
				CLANG_WARN_UNREACHABLE_CODE = YES;
				CLANG_WARN__DUPLICATE_METHOD_MATCH = YES;
				CODE_SIGN_ENTITLEMENTS = Swatch/Swatch.entitlements;
				CODE_SIGN_IDENTITY = "-";
				CODE_SIGN_STYLE = Manual;
				COPY_PHASE_STRIP = NO;
				CURRENT_PROJECT_VERSION = 1;
				DEBUG_INFORMATION_FORMAT = dwarf;
				DEVELOPMENT_TEAM = "";
				ENABLE_HARDENED_RUNTIME = YES;
				ENABLE_STRICT_OBJC_MSGSEND = YES;
				ENABLE_TESTABILITY = YES;
				GCC_C_LANGUAGE_STANDARD = gnu11;
				GCC_DYNAMIC_NO_PIC = NO;
				GCC_NO_COMMON_BLOCKS = YES;
				GCC_OPTIMIZATION_LEVEL = 0;
				GCC_PREPROCESSOR_DEFINITIONS = (
					"$(inherited)",
					"DEBUG=1",
				);
				GCC_WARN_64_TO_32_BIT_CONVERSION = YES;
				GCC_WARN_ABOUT_RETURN_TYPE = YES_ERROR;
				GCC_WARN_UNDECLARED_SELECTOR = YES;
				GCC_WARN_UNINITIALIZED_AUTOS = YES_AGGRESSIVE;
				GCC_WARN_UNUSED_FUNCTION = YES;
				GCC_WARN_UNUSED_VARIABLE = YES;
				INFOPLIST_FILE = Swatch/Info.plist;
				MACOSX_DEPLOYMENT_TARGET = 13.0;
				MARKETING_VERSION = 1.0.0;
				MTL_ENABLE_DEBUG_INFO = INCLUDE_SOURCE;
				MTL_FAST_MATH = YES;
				ONLY_ACTIVE_ARCH = YES;
				PRODUCT_NAME = Swatch;
				SDKROOT = macosx;
				SWIFT_ACTIVE_COMPILATION_CONDITIONS = DEBUG;
				SWIFT_OPTIMIZATION_LEVEL = "-Onone";
				SWIFT_VERSION = 5.9;
			};
			name = Debug;
		};
		770EC6E5794891AAC9552A18 /* Debug */ = {
			isa = XCBuildConfiguration;
			buildSettings = {
				CODE_SIGN_ENTITLEMENTS = SwatchWidgets/SwatchWidgets.entitlements;
				CODE_SIGN_IDENTITY = "-";
				CODE_SIGN_STYLE = Manual;
				COMBINE_HIDPI_IMAGES = YES;
				DEVELOPMENT_TEAM = "";
				ENABLE_HARDENED_RUNTIME = YES;
				INFOPLIST_FILE = SwatchWidgets/Info.plist;
				LD_RUNPATH_SEARCH_PATHS = "$(inherited) @executable_path/../Frameworks @executable_path/../../../../Frameworks";
				MACOSX_DEPLOYMENT_TARGET = 13.0;
				PRODUCT_BUNDLE_IDENTIFIER = com.swatch.app.widgets;
				PRODUCT_NAME = SwatchWidgets;
				SDKROOT = macosx;
				SKIP_INSTALL = YES;
				SWIFT_VERSION = 5.9;
			};
			name = Debug;
		};
		A7E7B4E714682D9DF1D24D7A /* Release */ = {
			isa = XCBuildConfiguration;
			buildSettings = {
				CODE_SIGN_ENTITLEMENTS = SwatchWidgets/SwatchWidgets.entitlements;
				CODE_SIGN_IDENTITY = "-";
				CODE_SIGN_STYLE = Manual;
				COMBINE_HIDPI_IMAGES = YES;
				DEVELOPMENT_TEAM = "";
				ENABLE_HARDENED_RUNTIME = YES;
				INFOPLIST_FILE = SwatchWidgets/Info.plist;
				LD_RUNPATH_SEARCH_PATHS = "$(inherited) @executable_path/../Frameworks @executable_path/../../../../Frameworks";
				MACOSX_DEPLOYMENT_TARGET = 13.0;
				PRODUCT_BUNDLE_IDENTIFIER = com.swatch.app.widgets;
				PRODUCT_NAME = SwatchWidgets;
				SDKROOT = macosx;
				SKIP_INSTALL = YES;
				SWIFT_VERSION = 5.9;
			};
			name = Release;
		};
		F1797F907E06E6A021D3FE01 /* Release */ = {
			isa = XCBuildConfiguration;
			buildSettings = {
				ALWAYS_SEARCH_USER_PATHS = NO;
				CLANG_ANALYZER_NONNULL = YES;
				CLANG_ANALYZER_NUMBER_OBJECT_CONVERSION = YES_AGGRESSIVE;
				CLANG_CXX_LANGUAGE_STANDARD = "gnu++14";
				CLANG_CXX_LIBRARY = "libc++";
				CLANG_ENABLE_MODULES = YES;
				CLANG_ENABLE_OBJC_ARC = YES;
				CLANG_ENABLE_OBJC_WEAK = YES;
				CLANG_WARN_BLOCK_CAPTURE_AUTORELEASING = YES;
				CLANG_WARN_BOOL_CONVERSION = YES;
				CLANG_WARN_COMMA = YES;
				CLANG_WARN_CONSTANT_CONVERSION = YES;
				CLANG_WARN_DEPRECATED_OBJC_IMPLEMENTATIONS = YES;
				CLANG_WARN_DIRECT_OBJC_ISA_USAGE = YES_ERROR;
				CLANG_WARN_DOCUMENTATION_COMMENTS = YES;
				CLANG_WARN_EMPTY_BODY = YES;
				CLANG_WARN_ENUM_CONVERSION = YES;
				CLANG_WARN_INFINITE_RECURSION = YES;
				CLANG_WARN_INT_CONVERSION = YES;
				CLANG_WARN_NON_LITERAL_NULL_CONVERSION = YES;
				CLANG_WARN_OBJC_IMPLICIT_RETAIN_SELF = YES;
				CLANG_WARN_OBJC_LITERAL_CONVERSION = YES;
				CLANG_WARN_OBJC_ROOT_CLASS = YES_ERROR;
				CLANG_WARN_QUOTED_INCLUDE_IN_FRAMEWORK_HEADER = YES;
				CLANG_WARN_RANGE_LOOP_ANALYSIS = YES;
				CLANG_WARN_STRICT_PROTOTYPES = YES;
				CLANG_WARN_SUSPICIOUS_MOVE = YES;
				CLANG_WARN_UNGUARDED_AVAILABILITY = YES_AGGRESSIVE;
				CLANG_WARN_UNREACHABLE_CODE = YES;
				CLANG_WARN__DUPLICATE_METHOD_MATCH = YES;
				CODE_SIGN_ENTITLEMENTS = Swatch/Swatch.entitlements;
				CODE_SIGN_IDENTITY = "-";
				CODE_SIGN_STYLE = Manual;
				COPY_PHASE_STRIP = NO;
				CURRENT_PROJECT_VERSION = 1;
				DEBUG_INFORMATION_FORMAT = "dwarf-with-dsym";
				DEVELOPMENT_TEAM = "";
				ENABLE_HARDENED_RUNTIME = YES;
				ENABLE_NS_ASSERTIONS = NO;
				ENABLE_STRICT_OBJC_MSGSEND = YES;
				GCC_C_LANGUAGE_STANDARD = gnu11;
				GCC_NO_COMMON_BLOCKS = YES;
				GCC_WARN_64_TO_32_BIT_CONVERSION = YES;
				GCC_WARN_ABOUT_RETURN_TYPE = YES_ERROR;
				GCC_WARN_UNDECLARED_SELECTOR = YES;
				GCC_WARN_UNINITIALIZED_AUTOS = YES_AGGRESSIVE;
				GCC_WARN_UNUSED_FUNCTION = YES;
				GCC_WARN_UNUSED_VARIABLE = YES;
				INFOPLIST_FILE = Swatch/Info.plist;
				MACOSX_DEPLOYMENT_TARGET = 13.0;
				MARKETING_VERSION = 1.0.0;
				MTL_ENABLE_DEBUG_INFO = NO;
				MTL_FAST_MATH = YES;
				PRODUCT_NAME = Swatch;
				SDKROOT = macosx;
				SWIFT_COMPILATION_MODE = wholemodule;
				SWIFT_OPTIMIZATION_LEVEL = "-O";
				SWIFT_VERSION = 5.9;
			};
			name = Release;
		};
/* End XCBuildConfiguration section */

/* Begin XCConfigurationList section */
		2E0B57AF988AA3B41B5DF7E4 /* Build configuration list for PBXNativeTarget "SwatchWidgets" */ = {
			isa = XCConfigurationList;
			buildConfigurations = (
				770EC6E5794891AAC9552A18 /* Debug */,
				A7E7B4E714682D9DF1D24D7A /* Release */,
			);
			defaultConfigurationIsVisible = 0;
			defaultConfigurationName = Debug;
		};
		699A8C760AC331D725A9D3ED /* Build configuration list for PBXNativeTarget "Swatch" */ = {
			isa = XCConfigurationList;
			buildConfigurations = (
				181C164A87F3EB09152D4003 /* Debug */,
				1697C709591D5151EFD09DF0 /* Release */,
			);
			defaultConfigurationIsVisible = 0;
			defaultConfigurationName = Debug;
		};
		EF45D071B5985A30BC40D963 /* Build configuration list for PBXProject "Swatch" */ = {
			isa = XCConfigurationList;
			buildConfigurations = (
				33AB3EA039E8A0D498EBE9D5 /* Debug */,
				F1797F907E06E6A021D3FE01 /* Release */,
			);
			defaultConfigurationIsVisible = 0;
			defaultConfigurationName = Debug;
		};
/* End XCConfigurationList section */
	};
	rootObject = 7C8B6D53B5089BB0114EDF84 /* Project object */;
}
